<?xml version="1.0" encoding="utf-8"?>
<Project ToolsVersion="4.0" xmlns="http://schemas.microsoft.com/developer/msbuild/2003">
  <ItemGroup>
    <Filter Include="ソース ファイル">
      <UniqueIdentifier>{4FC737F1-C7A5-4376-A066-2A32D752A2FF}</UniqueIdentifier>
      <Extensions>cpp;c;cc;cxx;c++;cppm;ixx;def;odl;idl;hpj;bat;asm;asmx</Extensions>
    </Filter>
    <Filter Include="ヘッダー ファイル">
      <UniqueIdentifier>{93995380-89BD-4b04-88EB-625FBE52EBFB}</UniqueIdentifier>
      <Extensions>h;hh;hpp;hxx;h++;hm;inl;inc;ipp;xsd</Extensions>
    </Filter>
    <Filter Include="リソース ファイル">
      <UniqueIdentifier>{67DA6AB6-F800-4c08-8B7A-83BB121AAD01}</UniqueIdentifier>
      <Extensions>rc;ico;cur;bmp;dlg;rc2;rct;bin;rgs;gif;jpg;jpeg;jpe;resx;tiff;tif;png;wav;mfcribbon-ms</Extensions>
    </Filter>
    <Filter Include="ヘッダー ファイル\include">
      <UniqueIdentifier>{a0298520-ae12-4cfb-a128-f358939ce87a}</UniqueIdentifier>
    </Filter>
    <Filter Include="lib">
      <UniqueIdentifier>{4e94129e-499b-4f0a-bac7-71bddb144979}</UniqueIdentifier>
    </Filter>
    <Filter Include="lib\AggregateInfo">
      <UniqueIdentifier>{f0bd47dc-c682-49ff-ad41-3c9b1404f42a}</UniqueIdentifier>
    </Filter>
    <Filter Include="lib\CsvParser">
      <UniqueIdentifier>{a822ae5d-14d7-4c2d-9066-47be60e0de5e}</UniqueIdentifier>
    </Filter>
  </ItemGroup>
  <ItemGroup>
    <ClCompile Include="lgp_ccp.cpp">
      <Filter>ソース ファイル</Filter>
    </ClCompile>
    <ClCompile Include="SLGP.cpp">
      <Filter>ソース ファイル</Filter>
    </ClCompile>
    <ClCompile Include="SLGP_Code.cpp">
      <Filter>ソース ファイル</Filter>
    </ClCompile>
    <ClCompile Include="SLGP_Problem.cpp">
      <Filter>ソース ファイル</Filter>
    </ClCompile>
    <ClCompile Include="lib\AggregateInfo\AggregateInfo.cpp">
      <Filter>lib\AggregateInfo</Filter>
    </ClCompile>
    <ClCompile Include="lib\CsvParser\csv_parser.cpp">
      <Filter>lib\CsvParser</Filter>
    </ClCompile>
  </ItemGroup>
  <ItemGroup>
    <ClInclude Include="SLGP.h">
      <Filter>ヘッダー ファイル</Filter>
    </ClInclude>
    <ClInclude Include="include\Common.h">
      <Filter>ヘッダー ファイル\include</Filter>
    </ClInclude>
    <ClInclude Include="include\std_lib.h">
      <Filter>ヘッダー ファイル\include</Filter>
    </ClInclude>
    <ClInclude Include="include\WrapRamdom.hpp">
      <Filter>ヘッダー ファイル\include</Filter>
    </ClInclude>
    <ClInclude Include="SLGP_Common.h">
      <Filter>ヘッダー ファイル</Filter>
    </ClInclude>
    <ClInclude Include="SLGP_Code.h">
      <Filter>ヘッダー ファイル</Filter>
    </ClInclude>
    <ClInclude Include="SLGP_OperatorFunc.hpp">
      <Filter>ヘッダー ファイル</Filter>
    </ClInclude>
    <ClInclude Include="SLGP_Problem.h">
      <Filter>ヘッダー ファイル</Filter>
    </ClInclude>
    <ClInclude Include="lib\AggregateInfo\AggregateInfo.h">
      <Filter>lib\AggregateInfo</Filter>
    </ClInclude>
    <ClInclude Include="lib\CsvParser\csv_parser.h">
      <Filter>lib\CsvParser</Filter>
    </ClInclude>
  </ItemGroup>
</Project>